
Microsoft Visual Studio Solution File, Format Version 12.00
# Visual Studio Version 17
VisualStudioVersion = 17.5.33502.453
MinimumVisualStudioVersion = 10.0.40219.1
Project("{9A19103F-16F7-4668-BE54-9A1E7A4F7556}") = "Trapezoid Area", "Trapezoid Area\Trapezoid Area.csproj", "{164E3A95-D3E5-4F65-87BD-199985111E63}"
EndProject
Project("{FAE04EC0-301F-11D3-BF4B-00C04F79EFBC}") = "Triangle area", "Triangle area\Triangle area.csproj", "{686B30E9-AC21-4DB4-B520-E173AF9D4AA5}"
EndProject
Project("{FAE04EC0-301F-11D3-BF4B-00C04F79EFBC}") = "Celsius to Farenhait", "Celsius to Farenhait\Celsius to Farenhait.csproj", "{388A9675-B7C5-4AF7-8E16-04D9BD37F099}"
EndProject
Project("{FAE04EC0-301F-11D3-BF4B-00C04F79EFBC}") = "Vegatable Market", "Vegatable Market\Vegatable Market.csproj", "{0B7DA6E9-C2DB-435F-8E03-9FDC0C01733D}"
EndProject
Project("{FAE04EC0-301F-11D3-BF4B-00C04F79EFBC}") = "Training Lab", "Training Lab\Training Lab.csproj", "{3F3BF1BC-4BC4-4B86-BBB9-901AE80CC942}"
EndProject
Project("{FAE04EC0-301F-11D3-BF4B-00C04F79EFBC}") = "Fishland", "Fishland\Fishland.csproj", "{2273EF33-B378-4F7B-9B84-DAC78C168AC5}"
EndProject
Global
	GlobalSection(SolutionConfigurationPlatforms) = preSolution
		Debug|Any CPU = Debug|Any CPU
		Release|Any CPU = Release|Any CPU
	EndGlobalSection
	GlobalSection(ProjectConfigurationPlatforms) = postSolution
		{164E3A95-D3E5-4F65-87BD-199985111E63}.Debug|Any CPU.ActiveCfg = Debug|Any CPU
		{164E3A95-D3E5-4F65-87BD-199985111E63}.Debug|Any CPU.Build.0 = Debug|Any CPU
		{164E3A95-D3E5-4F65-87BD-199985111E63}.Release|Any CPU.ActiveCfg = Release|Any CPU
		{164E3A95-D3E5-4F65-87BD-199985111E63}.Release|Any CPU.Build.0 = Release|Any CPU
		{686B30E9-AC21-4DB4-B520-E173AF9D4AA5}.Debug|Any CPU.ActiveCfg = Debug|Any CPU
		{686B30E9-AC21-4DB4-B520-E173AF9D4AA5}.Debug|Any CPU.Build.0 = Debug|Any CPU
		{686B30E9-AC21-4DB4-B520-E173AF9D4AA5}.Release|Any CPU.ActiveCfg = Release|Any CPU
		{686B30E9-AC21-4DB4-B520-E173AF9D4AA5}.Release|Any CPU.Build.0 = Release|Any CPU
		{388A9675-B7C5-4AF7-8E16-04D9BD37F099}.Debug|Any CPU.ActiveCfg = Debug|Any CPU
		{388A9675-B7C5-4AF7-8E16-04D9BD37F099}.Debug|Any CPU.Build.0 = Debug|Any CPU
		{388A9675-B7C5-4AF7-8E16-04D9BD37F099}.Release|Any CPU.ActiveCfg = Release|Any CPU
		{388A9675-B7C5-4AF7-8E16-04D9BD37F099}.Release|Any CPU.Build.0 = Release|Any CPU
		{0B7DA6E9-C2DB-435F-8E03-9FDC0C01733D}.Debug|Any CPU.ActiveCfg = Debug|Any CPU
		{0B7DA6E9-C2DB-435F-8E03-9FDC0C01733D}.Debug|Any CPU.Build.0 = Debug|Any CPU
		{0B7DA6E9-C2DB-435F-8E03-9FDC0C01733D}.Release|Any CPU.ActiveCfg = Release|Any CPU
		{0B7DA6E9-C2DB-435F-8E03-9FDC0C01733D}.Release|Any CPU.Build.0 = Release|Any CPU
		{3F3BF1BC-4BC4-4B86-BBB9-901AE80CC942}.Debug|Any CPU.ActiveCfg = Debug|Any CPU
		{3F3BF1BC-4BC4-4B86-BBB9-901AE80CC942}.Debug|Any CPU.Build.0 = Debug|Any CPU
		{3F3BF1BC-4BC4-4B86-BBB9-901AE80CC942}.Release|Any CPU.ActiveCfg = Release|Any CPU
		{3F3BF1BC-4BC4-4B86-BBB9-901AE80CC942}.Release|Any CPU.Build.0 = Release|Any CPU
		{2273EF33-B378-4F7B-9B84-DAC78C168AC5}.Debug|Any CPU.ActiveCfg = Debug|Any CPU
		{2273EF33-B378-4F7B-9B84-DAC78C168AC5}.Debug|Any CPU.Build.0 = Debug|Any CPU
		{2273EF33-B378-4F7B-9B84-DAC78C168AC5}.Release|Any CPU.ActiveCfg = Release|Any CPU
		{2273EF33-B378-4F7B-9B84-DAC78C168AC5}.Release|Any CPU.Build.0 = Release|Any CPU
	EndGlobalSection
	GlobalSection(SolutionProperties) = preSolution
		HideSolutionNode = FALSE
	EndGlobalSection
	GlobalSection(ExtensibilityGlobals) = postSolution
		SolutionGuid = {799E152C-7E46-4B41-84B1-8905178D6616}
	EndGlobalSection
EndGlobal
